
Microsoft Visual Studio Solution File, Format Version 12.00
# Visual Studio Version 16
VisualStudioVersion = 16.0.31624.102
MinimumVisualStudioVersion = 10.0.40219.1
Project("{FAE04EC0-301F-11D3-BF4B-00C04F79EFBC}") = "WebMvc1", "WebMvc1\WebMvc1.csproj", "{2952FF41-A70C-474B-AFEC-2A9D8411BC99}"
EndProject
Global
	GlobalSection(SolutionConfigurationPlatforms) = preSolution
		Debug|Any CPU = Debug|Any CPU
		Release|Any CPU = Release|Any CPU
	EndGlobalSection
	GlobalSection(ProjectConfigurationPlatforms) = postSolution
		{2952FF41-A70C-474B-AFEC-2A9D8411BC99}.Debug|Any CPU.ActiveCfg = Debug|Any CPU
		{2952FF41-A70C-474B-AFEC-2A9D8411BC99}.Debug|Any CPU.Build.0 = Debug|Any CPU
		{2952FF41-A70C-474B-AFEC-2A9D8411BC99}.Release|Any CPU.ActiveCfg = Release|Any CPU
		{2952FF41-A70C-474B-AFEC-2A9D8411BC99}.Release|Any CPU.Build.0 = Release|Any CPU
	EndGlobalSection
	GlobalSection(SolutionProperties) = preSolution
		HideSolutionNode = FALSE
	EndGlobalSection
	GlobalSection(ExtensibilityGlobals) = postSolution
		SolutionGuid = {CB9613B5-6722-41DA-87E3-78CF429B3682}
	EndGlobalSection
EndGlobal
